
Microsoft Visual Studio Solution File, Format Version 12.00
# Visual Studio Version 17
VisualStudioVersion = 17.4.33110.190
MinimumVisualStudioVersion = 10.0.40219.1
Project("{FAE04EC0-301F-11D3-BF4B-00C04F79EFBC}") = "Memento", "Memento\Memento.csproj", "{96C162F3-F2F0-40F0-A95F-017BFD87DF09}"
EndProject
Project("{FAE04EC0-301F-11D3-BF4B-00C04F79EFBC}") = "Observer", "Observer\Observer.csproj", "{2229BA39-4E89-40B5-B571-A1847D407F70}"
EndProject
Project("{FAE04EC0-301F-11D3-BF4B-00C04F79EFBC}") = "State", "State\State.csproj", "{049EEF35-C28E-4EE0-B7EC-51394B8A2080}"
EndProject
Global
	GlobalSection(SolutionConfigurationPlatforms) = preSolution
		Debug|Any CPU = Debug|Any CPU
		Release|Any CPU = Release|Any CPU
	EndGlobalSection
	GlobalSection(ProjectConfigurationPlatforms) = postSolution
		{96C162F3-F2F0-40F0-A95F-017BFD87DF09}.Debug|Any CPU.ActiveCfg = Debug|Any CPU
		{96C162F3-F2F0-40F0-A95F-017BFD87DF09}.Debug|Any CPU.Build.0 = Debug|Any CPU
		{96C162F3-F2F0-40F0-A95F-017BFD87DF09}.Release|Any CPU.ActiveCfg = Release|Any CPU
		{96C162F3-F2F0-40F0-A95F-017BFD87DF09}.Release|Any CPU.Build.0 = Release|Any CPU
		{2229BA39-4E89-40B5-B571-A1847D407F70}.Debug|Any CPU.ActiveCfg = Debug|Any CPU
		{2229BA39-4E89-40B5-B571-A1847D407F70}.Debug|Any CPU.Build.0 = Debug|Any CPU
		{2229BA39-4E89-40B5-B571-A1847D407F70}.Release|Any CPU.ActiveCfg = Release|Any CPU
		{2229BA39-4E89-40B5-B571-A1847D407F70}.Release|Any CPU.Build.0 = Release|Any CPU
		{049EEF35-C28E-4EE0-B7EC-51394B8A2080}.Debug|Any CPU.ActiveCfg = Debug|Any CPU
		{049EEF35-C28E-4EE0-B7EC-51394B8A2080}.Debug|Any CPU.Build.0 = Debug|Any CPU
		{049EEF35-C28E-4EE0-B7EC-51394B8A2080}.Release|Any CPU.ActiveCfg = Release|Any CPU
		{049EEF35-C28E-4EE0-B7EC-51394B8A2080}.Release|Any CPU.Build.0 = Release|Any CPU
	EndGlobalSection
	GlobalSection(SolutionProperties) = preSolution
		HideSolutionNode = FALSE
	EndGlobalSection
	GlobalSection(ExtensibilityGlobals) = postSolution
		SolutionGuid = {7798BB79-3BFF-4F6D-9829-F86680368109}
	EndGlobalSection
EndGlobal
